
Microsoft Visual Studio Solution File, Format Version 12.00
# Visual Studio Version 17
VisualStudioVersion = 17.2.32526.322
MinimumVisualStudioVersion = 10.0.40219.1
Project("{9A19103F-16F7-4668-BE54-9A1E7A4F7556}") = "WebApıOrnek", "WebApıOrnek\WebApıOrnek.csproj", "{A074BF08-5CBA-4E82-9E50-357D126504CD}"
EndProject
Project("{FAE04EC0-301F-11D3-BF4B-00C04F79EFBC}") = "CustomerPost", "CustomerPost\CustomerPost.csproj", "{340FD339-32E5-4375-B4E7-4D59A11B8487}"
EndProject
Global
	GlobalSection(SolutionConfigurationPlatforms) = preSolution
		Debug|Any CPU = Debug|Any CPU
		Release|Any CPU = Release|Any CPU
	EndGlobalSection
	GlobalSection(ProjectConfigurationPlatforms) = postSolution
		{A074BF08-5CBA-4E82-9E50-357D126504CD}.Debug|Any CPU.ActiveCfg = Debug|Any CPU
		{A074BF08-5CBA-4E82-9E50-357D126504CD}.Debug|Any CPU.Build.0 = Debug|Any CPU
		{A074BF08-5CBA-4E82-9E50-357D126504CD}.Release|Any CPU.ActiveCfg = Release|Any CPU
		{A074BF08-5CBA-4E82-9E50-357D126504CD}.Release|Any CPU.Build.0 = Release|Any CPU
		{340FD339-32E5-4375-B4E7-4D59A11B8487}.Debug|Any CPU.ActiveCfg = Debug|Any CPU
		{340FD339-32E5-4375-B4E7-4D59A11B8487}.Debug|Any CPU.Build.0 = Debug|Any CPU
		{340FD339-32E5-4375-B4E7-4D59A11B8487}.Release|Any CPU.ActiveCfg = Release|Any CPU
		{340FD339-32E5-4375-B4E7-4D59A11B8487}.Release|Any CPU.Build.0 = Release|Any CPU
	EndGlobalSection
	GlobalSection(SolutionProperties) = preSolution
		HideSolutionNode = FALSE
	EndGlobalSection
	GlobalSection(ExtensibilityGlobals) = postSolution
		SolutionGuid = {50621A09-0598-4EB2-AD00-6455B4C594AF}
	EndGlobalSection
EndGlobal
